
Microsoft Visual Studio Solution File, Format Version 12.00
# Visual Studio Version 16
VisualStudioVersion = 16.0.30907.101
MinimumVisualStudioVersion = 10.0.40219.1
Project("{9A19103F-16F7-4668-BE54-9A1E7A4F7556}") = "calendarDDD.Web", "calendarDDD\calendarDDD.Web.csproj", "{CD34D028-3E3A-4C18-A666-723CDE8C0895}"
EndProject
Project("{9A19103F-16F7-4668-BE54-9A1E7A4F7556}") = "calendarDDD.Domain", "calendarDDD.Domain\calendarDDD.Domain.csproj", "{F6A52ACA-961A-497D-AF27-CF14D9D05E1E}"
EndProject
Project("{9A19103F-16F7-4668-BE54-9A1E7A4F7556}") = "calendarDDD.Domain.Shared", "calendarDDD.Domain.Shared\calendarDDD.Domain.Shared.csproj", "{21D55373-69AF-407C-8DF9-0DAF4D312CEF}"
EndProject
Project("{2150E333-8FDC-42A3-9474-1A3956D46DE8}") = "src", "src", "{F29C31EE-C91B-4DA0-9EF2-5B95269E98C2}"
EndProject
Project("{9A19103F-16F7-4668-BE54-9A1E7A4F7556}") = "calendarDDD.Infrastructure", "calendarDDD.Infrastructure\calendarDDD.Infrastructure.csproj", "{5863A461-4F63-4CF2-B905-9ED4B5AF97D0}"
EndProject
Project("{9A19103F-16F7-4668-BE54-9A1E7A4F7556}") = "calendarDDD.Application", "calendarDDD.Application\calendarDDD.Application.csproj", "{35CD1B60-7062-46E1-95F8-AB9BC82BE699}"
EndProject
Project("{9A19103F-16F7-4668-BE54-9A1E7A4F7556}") = "calendarDDD.Application.Contracts", "calendarDDD.Application.Contracts\calendarDDD.Application.Contracts.csproj", "{C6D25765-57C7-401B-8A22-B4B355E7E5AF}"
EndProject
Project("{2150E333-8FDC-42A3-9474-1A3956D46DE8}") = "tests", "tests", "{F2484F9B-163F-42BE-8624-C181234E9FCA}"
EndProject
Project("{FAE04EC0-301F-11D3-BF4B-00C04F79EFBC}") = "calendarDDD.Tests", "calendarDDD.Tests\calendarDDD.Tests.csproj", "{B2625259-85CE-4D50-A429-A4FFB3BA08EC}"
EndProject
Global
	GlobalSection(SolutionConfigurationPlatforms) = preSolution
		Debug|Any CPU = Debug|Any CPU
		Release|Any CPU = Release|Any CPU
	EndGlobalSection
	GlobalSection(ProjectConfigurationPlatforms) = postSolution
		{CD34D028-3E3A-4C18-A666-723CDE8C0895}.Debug|Any CPU.ActiveCfg = Debug|Any CPU
		{CD34D028-3E3A-4C18-A666-723CDE8C0895}.Debug|Any CPU.Build.0 = Debug|Any CPU
		{CD34D028-3E3A-4C18-A666-723CDE8C0895}.Release|Any CPU.ActiveCfg = Release|Any CPU
		{CD34D028-3E3A-4C18-A666-723CDE8C0895}.Release|Any CPU.Build.0 = Release|Any CPU
		{F6A52ACA-961A-497D-AF27-CF14D9D05E1E}.Debug|Any CPU.ActiveCfg = Debug|Any CPU
		{F6A52ACA-961A-497D-AF27-CF14D9D05E1E}.Debug|Any CPU.Build.0 = Debug|Any CPU
		{F6A52ACA-961A-497D-AF27-CF14D9D05E1E}.Release|Any CPU.ActiveCfg = Release|Any CPU
		{F6A52ACA-961A-497D-AF27-CF14D9D05E1E}.Release|Any CPU.Build.0 = Release|Any CPU
		{21D55373-69AF-407C-8DF9-0DAF4D312CEF}.Debug|Any CPU.ActiveCfg = Debug|Any CPU
		{21D55373-69AF-407C-8DF9-0DAF4D312CEF}.Debug|Any CPU.Build.0 = Debug|Any CPU
		{21D55373-69AF-407C-8DF9-0DAF4D312CEF}.Release|Any CPU.ActiveCfg = Release|Any CPU
		{21D55373-69AF-407C-8DF9-0DAF4D312CEF}.Release|Any CPU.Build.0 = Release|Any CPU
		{5863A461-4F63-4CF2-B905-9ED4B5AF97D0}.Debug|Any CPU.ActiveCfg = Debug|Any CPU
		{5863A461-4F63-4CF2-B905-9ED4B5AF97D0}.Debug|Any CPU.Build.0 = Debug|Any CPU
		{5863A461-4F63-4CF2-B905-9ED4B5AF97D0}.Release|Any CPU.ActiveCfg = Release|Any CPU
		{5863A461-4F63-4CF2-B905-9ED4B5AF97D0}.Release|Any CPU.Build.0 = Release|Any CPU
		{35CD1B60-7062-46E1-95F8-AB9BC82BE699}.Debug|Any CPU.ActiveCfg = Debug|Any CPU
		{35CD1B60-7062-46E1-95F8-AB9BC82BE699}.Debug|Any CPU.Build.0 = Debug|Any CPU
		{35CD1B60-7062-46E1-95F8-AB9BC82BE699}.Release|Any CPU.ActiveCfg = Release|Any CPU
		{35CD1B60-7062-46E1-95F8-AB9BC82BE699}.Release|Any CPU.Build.0 = Release|Any CPU
		{C6D25765-57C7-401B-8A22-B4B355E7E5AF}.Debug|Any CPU.ActiveCfg = Debug|Any CPU
		{C6D25765-57C7-401B-8A22-B4B355E7E5AF}.Debug|Any CPU.Build.0 = Debug|Any CPU
		{C6D25765-57C7-401B-8A22-B4B355E7E5AF}.Release|Any CPU.ActiveCfg = Release|Any CPU
		{C6D25765-57C7-401B-8A22-B4B355E7E5AF}.Release|Any CPU.Build.0 = Release|Any CPU
		{B2625259-85CE-4D50-A429-A4FFB3BA08EC}.Debug|Any CPU.ActiveCfg = Debug|Any CPU
		{B2625259-85CE-4D50-A429-A4FFB3BA08EC}.Debug|Any CPU.Build.0 = Debug|Any CPU
		{B2625259-85CE-4D50-A429-A4FFB3BA08EC}.Release|Any CPU.ActiveCfg = Release|Any CPU
		{B2625259-85CE-4D50-A429-A4FFB3BA08EC}.Release|Any CPU.Build.0 = Release|Any CPU
	EndGlobalSection
	GlobalSection(SolutionProperties) = preSolution
		HideSolutionNode = FALSE
	EndGlobalSection
	GlobalSection(NestedProjects) = preSolution
		{CD34D028-3E3A-4C18-A666-723CDE8C0895} = {F29C31EE-C91B-4DA0-9EF2-5B95269E98C2}
		{F6A52ACA-961A-497D-AF27-CF14D9D05E1E} = {F29C31EE-C91B-4DA0-9EF2-5B95269E98C2}
		{21D55373-69AF-407C-8DF9-0DAF4D312CEF} = {F29C31EE-C91B-4DA0-9EF2-5B95269E98C2}
		{5863A461-4F63-4CF2-B905-9ED4B5AF97D0} = {F29C31EE-C91B-4DA0-9EF2-5B95269E98C2}
		{35CD1B60-7062-46E1-95F8-AB9BC82BE699} = {F29C31EE-C91B-4DA0-9EF2-5B95269E98C2}
		{C6D25765-57C7-401B-8A22-B4B355E7E5AF} = {F29C31EE-C91B-4DA0-9EF2-5B95269E98C2}
		{B2625259-85CE-4D50-A429-A4FFB3BA08EC} = {F2484F9B-163F-42BE-8624-C181234E9FCA}
	EndGlobalSection
	GlobalSection(ExtensibilityGlobals) = postSolution
		SolutionGuid = {1AD8AA78-69A7-4D8E-9C7D-5CD2A977B770}
	EndGlobalSection
EndGlobal
